
Microsoft Visual Studio Solution File, Format Version 12.00
# Visual Studio Version 16
VisualStudioVersion = 16.0.32228.343
MinimumVisualStudioVersion = 10.0.40219.1
Project("{9A19103F-16F7-4668-BE54-9A1E7A4F7556}") = "Ormeño.Diego.2A.tp3", "Ormeño.Diego.2A.tp3\Ormeño.Diego.2A.tp3.csproj", "{0488A858-78C9-42AE-AAB0-D9774FA41BD4}"
EndProject
Project("{9A19103F-16F7-4668-BE54-9A1E7A4F7556}") = "Entidades", "Entidades\Entidades.csproj", "{7103DF06-D9F7-45F3-9357-4F30585356AD}"
EndProject
Project("{9A19103F-16F7-4668-BE54-9A1E7A4F7556}") = "Test consola", "Test consola\Test consola.csproj", "{78714EA7-BE8A-49BD-92C8-0F29DDBA5C21}"
EndProject
Project("{FAE04EC0-301F-11D3-BF4B-00C04F79EFBC}") = "TestProject", "TestProject\TestProject.csproj", "{2F497F35-A261-431A-90C4-8B0E5DBCE423}"
EndProject
Global
	GlobalSection(SolutionConfigurationPlatforms) = preSolution
		Debug|Any CPU = Debug|Any CPU
		Release|Any CPU = Release|Any CPU
	EndGlobalSection
	GlobalSection(ProjectConfigurationPlatforms) = postSolution
		{0488A858-78C9-42AE-AAB0-D9774FA41BD4}.Debug|Any CPU.ActiveCfg = Debug|Any CPU
		{0488A858-78C9-42AE-AAB0-D9774FA41BD4}.Debug|Any CPU.Build.0 = Debug|Any CPU
		{0488A858-78C9-42AE-AAB0-D9774FA41BD4}.Release|Any CPU.ActiveCfg = Release|Any CPU
		{0488A858-78C9-42AE-AAB0-D9774FA41BD4}.Release|Any CPU.Build.0 = Release|Any CPU
		{7103DF06-D9F7-45F3-9357-4F30585356AD}.Debug|Any CPU.ActiveCfg = Debug|Any CPU
		{7103DF06-D9F7-45F3-9357-4F30585356AD}.Debug|Any CPU.Build.0 = Debug|Any CPU
		{7103DF06-D9F7-45F3-9357-4F30585356AD}.Release|Any CPU.ActiveCfg = Release|Any CPU
		{7103DF06-D9F7-45F3-9357-4F30585356AD}.Release|Any CPU.Build.0 = Release|Any CPU
		{78714EA7-BE8A-49BD-92C8-0F29DDBA5C21}.Debug|Any CPU.ActiveCfg = Debug|Any CPU
		{78714EA7-BE8A-49BD-92C8-0F29DDBA5C21}.Debug|Any CPU.Build.0 = Debug|Any CPU
		{78714EA7-BE8A-49BD-92C8-0F29DDBA5C21}.Release|Any CPU.ActiveCfg = Release|Any CPU
		{78714EA7-BE8A-49BD-92C8-0F29DDBA5C21}.Release|Any CPU.Build.0 = Release|Any CPU
		{2F497F35-A261-431A-90C4-8B0E5DBCE423}.Debug|Any CPU.ActiveCfg = Debug|Any CPU
		{2F497F35-A261-431A-90C4-8B0E5DBCE423}.Debug|Any CPU.Build.0 = Debug|Any CPU
		{2F497F35-A261-431A-90C4-8B0E5DBCE423}.Release|Any CPU.ActiveCfg = Release|Any CPU
		{2F497F35-A261-431A-90C4-8B0E5DBCE423}.Release|Any CPU.Build.0 = Release|Any CPU
	EndGlobalSection
	GlobalSection(SolutionProperties) = preSolution
		HideSolutionNode = FALSE
	EndGlobalSection
	GlobalSection(ExtensibilityGlobals) = postSolution
		SolutionGuid = {D92EEED5-3B32-430C-BCF6-2FF9F7A37922}
	EndGlobalSection
EndGlobal
